Microsoft Visual Studio Solution File, Format Version 11.00
# Visual Studio 2008

Project("{2D843D08-5035-4056-F6FC-D4E40B1B5F3E}") = "VWCarFactory", "Assembly-CSharp-firstpass.csproj", "{EE18C098-FDDC-82B2-205A-C45A546C6ADD}"
EndProject
Project("{2D843D08-5035-4056-F6FC-D4E40B1B5F3E}") = "VWCarFactory", "Assembly-CSharp.csproj", "{45622C29-6126-EFBE-7A9A-DCD81D04E524}"
EndProject
Project("{2D843D08-5035-4056-F6FC-D4E40B1B5F3E}") = "VWCarFactory", "Assembly-CSharp-Editor.csproj", "{419BC6C5-4B74-2525-F0D3-A53A17B5B508}"
EndProject
Global
	GlobalSection(SolutionConfigurationPlatforms) = preSolution
		Debug|Any CPU = Debug|Any CPU
		Release|Any CPU = Release|Any CPU
	EndGlobalSection
	GlobalSection(ProjectConfigurationPlatforms) = postSolution
		{EE18C098-FDDC-82B2-205A-C45A546C6ADD}.Debug|Any CPU.ActiveCfg = Debug|Any CPU
		{EE18C098-FDDC-82B2-205A-C45A546C6ADD}.Debug|Any CPU.Build.0 = Debug|Any CPU
		{EE18C098-FDDC-82B2-205A-C45A546C6ADD}.Release|Any CPU.ActiveCfg = Release|Any CPU
		{EE18C098-FDDC-82B2-205A-C45A546C6ADD}.Release|Any CPU.Build.0 = Release|Any CPU
		{45622C29-6126-EFBE-7A9A-DCD81D04E524}.Debug|Any CPU.ActiveCfg = Debug|Any CPU
		{45622C29-6126-EFBE-7A9A-DCD81D04E524}.Debug|Any CPU.Build.0 = Debug|Any CPU
		{45622C29-6126-EFBE-7A9A-DCD81D04E524}.Release|Any CPU.ActiveCfg = Release|Any CPU
		{45622C29-6126-EFBE-7A9A-DCD81D04E524}.Release|Any CPU.Build.0 = Release|Any CPU
		{419BC6C5-4B74-2525-F0D3-A53A17B5B508}.Debug|Any CPU.ActiveCfg = Debug|Any CPU
		{419BC6C5-4B74-2525-F0D3-A53A17B5B508}.Debug|Any CPU.Build.0 = Debug|Any CPU
		{419BC6C5-4B74-2525-F0D3-A53A17B5B508}.Release|Any CPU.ActiveCfg = Release|Any CPU
		{419BC6C5-4B74-2525-F0D3-A53A17B5B508}.Release|Any CPU.Build.0 = Release|Any CPU
	EndGlobalSection
	GlobalSection(SolutionProperties) = preSolution
		HideSolutionNode = FALSE
	EndGlobalSection
	GlobalSection(MonoDevelopProperties) = preSolution
		StartupItem = Assembly-CSharp.csproj
	EndGlobalSection
EndGlobal
